
Microsoft Visual Studio Solution File, Format Version 12.00
# Visual Studio 2012
Project("{FAE04EC0-301F-11D3-BF4B-00C04F79EFBC}") = "SpaceShip.CSharp.Plugins", "SpaceShip.CSharp.Plugins.csproj", "{5202D73C-F38C-8432-8B8F-541D101C724B}"
EndProject
Project("{FAE04EC0-301F-11D3-BF4B-00C04F79EFBC}") = "SpaceShip.CSharp", "SpaceShip.CSharp.csproj", "{35E7992F-0A91-A9AC-0197-D5531D3B54E2}"
EndProject
Project("{FAE04EC0-301F-11D3-BF4B-00C04F79EFBC}") = "SpaceShip.CSharp.Editor", "SpaceShip.CSharp.Editor.csproj", "{7D7A2DF7-4AFA-E2F2-DDA2-4C9EE167312A}"
EndProject
Global
	GlobalSection(SolutionConfigurationPlatforms) = preSolution
		Debug|Any CPU = Debug|Any CPU
		Release|Any CPU = Release|Any CPU
	EndGlobalSection
	GlobalSection(ProjectConfigurationPlatforms) = postSolution
		{5202D73C-F38C-8432-8B8F-541D101C724B}.Debug|Any CPU.ActiveCfg = Debug|Any CPU
		{5202D73C-F38C-8432-8B8F-541D101C724B}.Debug|Any CPU.Build.0 = Debug|Any CPU
		{5202D73C-F38C-8432-8B8F-541D101C724B}.Release|Any CPU.ActiveCfg = Release|Any CPU
		{5202D73C-F38C-8432-8B8F-541D101C724B}.Release|Any CPU.Build.0 = Release|Any CPU
		{35E7992F-0A91-A9AC-0197-D5531D3B54E2}.Debug|Any CPU.ActiveCfg = Debug|Any CPU
		{35E7992F-0A91-A9AC-0197-D5531D3B54E2}.Debug|Any CPU.Build.0 = Debug|Any CPU
		{35E7992F-0A91-A9AC-0197-D5531D3B54E2}.Release|Any CPU.ActiveCfg = Release|Any CPU
		{35E7992F-0A91-A9AC-0197-D5531D3B54E2}.Release|Any CPU.Build.0 = Release|Any CPU
		{7D7A2DF7-4AFA-E2F2-DDA2-4C9EE167312A}.Debug|Any CPU.ActiveCfg = Debug|Any CPU
		{7D7A2DF7-4AFA-E2F2-DDA2-4C9EE167312A}.Debug|Any CPU.Build.0 = Debug|Any CPU
		{7D7A2DF7-4AFA-E2F2-DDA2-4C9EE167312A}.Release|Any CPU.ActiveCfg = Release|Any CPU
		{7D7A2DF7-4AFA-E2F2-DDA2-4C9EE167312A}.Release|Any CPU.Build.0 = Release|Any CPU
	EndGlobalSection
	GlobalSection(SolutionProperties) = preSolution
		HideSolutionNode = FALSE
	EndGlobalSection
EndGlobal
